
Microsoft Visual Studio Solution File, Format Version 12.00
# Visual Studio Version 16
VisualStudioVersion = 16.0.28320.106
MinimumVisualStudioVersion = 10.0.40219.1
Project("{9A19103F-16F7-4668-BE54-9A1E7A4F7556}") = "AdventOfCode", "AdventOfCode.csproj", "{461F888B-DED0-4E7D-A744-526D53621DCD}"
EndProject
Global
	GlobalSection(SolutionConfigurationPlatforms) = preSolution
		Debug|Any CPU = Debug|Any CPU
		Release|Any CPU = Release|Any CPU
	EndGlobalSection
	GlobalSection(ProjectConfigurationPlatforms) = postSolution
		{461F888B-DED0-4E7D-A744-526D53621DCD}.Debug|Any CPU.ActiveCfg = Debug|Any CPU
		{461F888B-DED0-4E7D-A744-526D53621DCD}.Debug|Any CPU.Build.0 = Debug|Any CPU
		{461F888B-DED0-4E7D-A744-526D53621DCD}.Release|Any CPU.ActiveCfg = Release|Any CPU
		{461F888B-DED0-4E7D-A744-526D53621DCD}.Release|Any CPU.Build.0 = Release|Any CPU
	EndGlobalSection
	GlobalSection(SolutionProperties) = preSolution
		HideSolutionNode = FALSE
	EndGlobalSection
	GlobalSection(ExtensibilityGlobals) = postSolution
		        SolutionGuid = {E9A3FFF6-9832-4D2F-800A-78EC76457C54}
		SolutionGuid = {D32F1CD1-1B30-46FF-A46E-FD1B9F09E864}
	EndGlobalSection
EndGlobal
